
Microsoft Visual Studio Solution File, Format Version 12.00
Project("{2150E333-8FDC-42A3-9474-1A3956D46DE8}") = "Core", "Core", "{B8CAC7B4-310A-4CD5-95D4-AD1B960430DA}"
EndProject
Project("{2150E333-8FDC-42A3-9474-1A3956D46DE8}") = "Solution Items", "Solution Items", "{C8D04D1A-D0C6-45C1-818F-86FA9CB9CE13}"
	ProjectSection(SolutionItems) = preProject
		docker-compose.yml = docker-compose.yml
	EndProjectSection
EndProject
Project("{FAE04EC0-301F-11D3-BF4B-00C04F79EFBC}") = "sag.Services", "sag.Services\sag.Services.csproj", "{C8A1FA37-FA75-4FF6-9468-F58A0C562057}"
EndProject
Project("{2150E333-8FDC-42A3-9474-1A3956D46DE8}") = "Presentation", "Presentation", "{C884921E-C0DF-408F-8912-8194C233E00B}"
EndProject
Project("{FAE04EC0-301F-11D3-BF4B-00C04F79EFBC}") = "sag.api", "sag.api\sag.api.csproj", "{46A1EC75-15FA-4CD9-8627-2921148410CD}"
EndProject
Project("{FAE04EC0-301F-11D3-BF4B-00C04F79EFBC}") = "sag.Domain", "sag.Domain\sag.Domain.csproj", "{C480A2EC-1F73-4965-945D-181FE004F2E5}"
EndProject
Project("{FAE04EC0-301F-11D3-BF4B-00C04F79EFBC}") = "sag.Application", "sag.Application\sag.Application.csproj", "{DD0A33C8-B2C7-4B57-A6AF-E6C815B9461E}"
EndProject
Project("{2150E333-8FDC-42A3-9474-1A3956D46DE8}") = "Infrastructure", "Infrastructure", "{A5C02FF1-B536-452E-8A2D-A8D5799B9833}"
EndProject
Project("{FAE04EC0-301F-11D3-BF4B-00C04F79EFBC}") = "sag.Infrastructure", "sag.Infrastructure\sag.Infrastructure.csproj", "{55B35D85-29F9-45A7-8432-DBF5AEC7F9AA}"
EndProject
Project("{FAE04EC0-301F-11D3-BF4B-00C04F79EFBC}") = "sag.Persistence", "sag.Persistence\sag.Persistence.csproj", "{7A24A66E-A79F-434E-B2CE-251A8AAA90E1}"
EndProject
Project("{FAE04EC0-301F-11D3-BF4B-00C04F79EFBC}") = "sag.cli", "sag.cli\sag.cli.csproj", "{909F32D8-6A81-4EA9-A80C-A2C9461DF9C0}"
EndProject
Project("{2150E333-8FDC-42A3-9474-1A3956D46DE8}") = "Shared", "Shared", "{44D536B9-D439-4D61-92EC-13510DE2225F}"
EndProject
Project("{2150E333-8FDC-42A3-9474-1A3956D46DE8}") = "UnitTesting", "UnitTesting", "{520CCF5E-D774-47A1-B095-C55FC21BAD5A}"
EndProject
Project("{FAE04EC0-301F-11D3-BF4B-00C04F79EFBC}") = "sag.UnitTesting", "sag.UnitTesting\sag.UnitTesting.csproj", "{5ACE7632-73A5-4CE2-A3E6-B08C8E6EEFC0}"
EndProject
Project("{FAE04EC0-301F-11D3-BF4B-00C04F79EFBC}") = "sag.web", "sag.web\sag.web.csproj", "{0885B264-B731-447D-9426-4AEB9FFCD0BB}"
EndProject
Project("{FAE04EC0-301F-11D3-BF4B-00C04F79EFBC}") = "sag.app", "sag.app\sag.app.csproj", "{6C020440-653F-4889-B151-B90F4BC4D389}"
EndProject
Global
	GlobalSection(SolutionConfigurationPlatforms) = preSolution
		Debug|Any CPU = Debug|Any CPU
		Release|Any CPU = Release|Any CPU
	EndGlobalSection
	GlobalSection(ProjectConfigurationPlatforms) = postSolution
		{C8A1FA37-FA75-4FF6-9468-F58A0C562057}.Debug|Any CPU.ActiveCfg = Debug|Any CPU
		{C8A1FA37-FA75-4FF6-9468-F58A0C562057}.Debug|Any CPU.Build.0 = Debug|Any CPU
		{C8A1FA37-FA75-4FF6-9468-F58A0C562057}.Release|Any CPU.ActiveCfg = Release|Any CPU
		{C8A1FA37-FA75-4FF6-9468-F58A0C562057}.Release|Any CPU.Build.0 = Release|Any CPU
		{46A1EC75-15FA-4CD9-8627-2921148410CD}.Debug|Any CPU.ActiveCfg = Debug|Any CPU
		{46A1EC75-15FA-4CD9-8627-2921148410CD}.Debug|Any CPU.Build.0 = Debug|Any CPU
		{46A1EC75-15FA-4CD9-8627-2921148410CD}.Release|Any CPU.ActiveCfg = Release|Any CPU
		{46A1EC75-15FA-4CD9-8627-2921148410CD}.Release|Any CPU.Build.0 = Release|Any CPU
		{C480A2EC-1F73-4965-945D-181FE004F2E5}.Debug|Any CPU.ActiveCfg = Debug|Any CPU
		{C480A2EC-1F73-4965-945D-181FE004F2E5}.Debug|Any CPU.Build.0 = Debug|Any CPU
		{C480A2EC-1F73-4965-945D-181FE004F2E5}.Release|Any CPU.ActiveCfg = Release|Any CPU
		{C480A2EC-1F73-4965-945D-181FE004F2E5}.Release|Any CPU.Build.0 = Release|Any CPU
		{DD0A33C8-B2C7-4B57-A6AF-E6C815B9461E}.Debug|Any CPU.ActiveCfg = Debug|Any CPU
		{DD0A33C8-B2C7-4B57-A6AF-E6C815B9461E}.Debug|Any CPU.Build.0 = Debug|Any CPU
		{DD0A33C8-B2C7-4B57-A6AF-E6C815B9461E}.Release|Any CPU.ActiveCfg = Release|Any CPU
		{DD0A33C8-B2C7-4B57-A6AF-E6C815B9461E}.Release|Any CPU.Build.0 = Release|Any CPU
		{55B35D85-29F9-45A7-8432-DBF5AEC7F9AA}.Debug|Any CPU.ActiveCfg = Debug|Any CPU
		{55B35D85-29F9-45A7-8432-DBF5AEC7F9AA}.Debug|Any CPU.Build.0 = Debug|Any CPU
		{55B35D85-29F9-45A7-8432-DBF5AEC7F9AA}.Release|Any CPU.ActiveCfg = Release|Any CPU
		{55B35D85-29F9-45A7-8432-DBF5AEC7F9AA}.Release|Any CPU.Build.0 = Release|Any CPU
		{7A24A66E-A79F-434E-B2CE-251A8AAA90E1}.Debug|Any CPU.ActiveCfg = Debug|Any CPU
		{7A24A66E-A79F-434E-B2CE-251A8AAA90E1}.Debug|Any CPU.Build.0 = Debug|Any CPU
		{7A24A66E-A79F-434E-B2CE-251A8AAA90E1}.Release|Any CPU.ActiveCfg = Release|Any CPU
		{7A24A66E-A79F-434E-B2CE-251A8AAA90E1}.Release|Any CPU.Build.0 = Release|Any CPU
		{909F32D8-6A81-4EA9-A80C-A2C9461DF9C0}.Debug|Any CPU.ActiveCfg = Debug|Any CPU
		{909F32D8-6A81-4EA9-A80C-A2C9461DF9C0}.Debug|Any CPU.Build.0 = Debug|Any CPU
		{909F32D8-6A81-4EA9-A80C-A2C9461DF9C0}.Release|Any CPU.ActiveCfg = Release|Any CPU
		{909F32D8-6A81-4EA9-A80C-A2C9461DF9C0}.Release|Any CPU.Build.0 = Release|Any CPU
		{5ACE7632-73A5-4CE2-A3E6-B08C8E6EEFC0}.Debug|Any CPU.ActiveCfg = Debug|Any CPU
		{5ACE7632-73A5-4CE2-A3E6-B08C8E6EEFC0}.Debug|Any CPU.Build.0 = Debug|Any CPU
		{5ACE7632-73A5-4CE2-A3E6-B08C8E6EEFC0}.Release|Any CPU.ActiveCfg = Release|Any CPU
		{5ACE7632-73A5-4CE2-A3E6-B08C8E6EEFC0}.Release|Any CPU.Build.0 = Release|Any CPU
		{0885B264-B731-447D-9426-4AEB9FFCD0BB}.Debug|Any CPU.ActiveCfg = Debug|Any CPU
		{0885B264-B731-447D-9426-4AEB9FFCD0BB}.Debug|Any CPU.Build.0 = Debug|Any CPU
		{0885B264-B731-447D-9426-4AEB9FFCD0BB}.Release|Any CPU.ActiveCfg = Release|Any CPU
		{0885B264-B731-447D-9426-4AEB9FFCD0BB}.Release|Any CPU.Build.0 = Release|Any CPU
		{6C020440-653F-4889-B151-B90F4BC4D389}.Debug|Any CPU.ActiveCfg = Debug|Any CPU
		{6C020440-653F-4889-B151-B90F4BC4D389}.Debug|Any CPU.Build.0 = Debug|Any CPU
		{6C020440-653F-4889-B151-B90F4BC4D389}.Release|Any CPU.ActiveCfg = Release|Any CPU
		{6C020440-653F-4889-B151-B90F4BC4D389}.Release|Any CPU.Build.0 = Release|Any CPU
	EndGlobalSection
	GlobalSection(NestedProjects) = preSolution
		{46A1EC75-15FA-4CD9-8627-2921148410CD} = {C884921E-C0DF-408F-8912-8194C233E00B}
		{C480A2EC-1F73-4965-945D-181FE004F2E5} = {B8CAC7B4-310A-4CD5-95D4-AD1B960430DA}
		{DD0A33C8-B2C7-4B57-A6AF-E6C815B9461E} = {B8CAC7B4-310A-4CD5-95D4-AD1B960430DA}
		{55B35D85-29F9-45A7-8432-DBF5AEC7F9AA} = {A5C02FF1-B536-452E-8A2D-A8D5799B9833}
		{7A24A66E-A79F-434E-B2CE-251A8AAA90E1} = {A5C02FF1-B536-452E-8A2D-A8D5799B9833}
		{909F32D8-6A81-4EA9-A80C-A2C9461DF9C0} = {C884921E-C0DF-408F-8912-8194C233E00B}
		{C8A1FA37-FA75-4FF6-9468-F58A0C562057} = {44D536B9-D439-4D61-92EC-13510DE2225F}
		{5ACE7632-73A5-4CE2-A3E6-B08C8E6EEFC0} = {520CCF5E-D774-47A1-B095-C55FC21BAD5A}
		{0885B264-B731-447D-9426-4AEB9FFCD0BB} = {C884921E-C0DF-408F-8912-8194C233E00B}
		{6C020440-653F-4889-B151-B90F4BC4D389} = {C884921E-C0DF-408F-8912-8194C233E00B}
	EndGlobalSection
EndGlobal
